
Microsoft Visual Studio Solution File, Format Version 12.00
# Visual Studio Version 17
VisualStudioVersion = 17.10.35013.160
MinimumVisualStudioVersion = 10.0.40219.1
Project("{FAE04EC0-301F-11D3-BF4B-00C04F79EFBC}") = "TestAssignment", "TestAssignment\TestAssignment.csproj", "{08753448-DFE9-41AA-AA29-CCD5E33BDF63}"
EndProject
Global
	GlobalSection(SolutionConfigurationPlatforms) = preSolution
		Debug|Any CPU = Debug|Any CPU
		Release|Any CPU = Release|Any CPU
	EndGlobalSection
	GlobalSection(ProjectConfigurationPlatforms) = postSolution
		{08753448-DFE9-41AA-AA29-CCD5E33BDF63}.Debug|Any CPU.ActiveCfg = Debug|Any CPU
		{08753448-DFE9-41AA-AA29-CCD5E33BDF63}.Debug|Any CPU.Build.0 = Debug|Any CPU
		{08753448-DFE9-41AA-AA29-CCD5E33BDF63}.Release|Any CPU.ActiveCfg = Release|Any CPU
		{08753448-DFE9-41AA-AA29-CCD5E33BDF63}.Release|Any CPU.Build.0 = Release|Any CPU
	EndGlobalSection
	GlobalSection(SolutionProperties) = preSolution
		HideSolutionNode = FALSE
	EndGlobalSection
	GlobalSection(ExtensibilityGlobals) = postSolution
		SolutionGuid = {0959629D-DF6B-4CC6-ACFD-24A70FC71F0A}
	EndGlobalSection
EndGlobal
